
Microsoft Visual Studio Solution File, Format Version 12.00
# Visual Studio 14
VisualStudioVersion = 14.0.25123.0
MinimumVisualStudioVersion = 10.0.40219.1
Project("{FAE04EC0-301F-11D3-BF4B-00C04F79EFBC}") = "GraphPrinter", "GraphPrinter\GraphPrinter.csproj", "{995A46DA-C928-402A-8BBB-9DFAE8BB9326}"
EndProject
Project("{6141683F-8A12-4E36-9623-2EB02B2C2303}") = "GraphPrinterSetUp", "Setup2\GraphPrinterSetUp.isproj", "{827C0582-51E3-4C72-93FD-91A07C38D665}"
	ProjectSection(ProjectDependencies) = postProject
		{995A46DA-C928-402A-8BBB-9DFAE8BB9326} = {995A46DA-C928-402A-8BBB-9DFAE8BB9326}
	EndProjectSection
EndProject
Global
	GlobalSection(SolutionConfigurationPlatforms) = preSolution
		CD_ROM|Any CPU = CD_ROM|Any CPU
		Debug|Any CPU = Debug|Any CPU
		DVD-5|Any CPU = DVD-5|Any CPU
		Release|Any CPU = Release|Any CPU
		SingleImage|Any CPU = SingleImage|Any CPU
	EndGlobalSection
	GlobalSection(ProjectConfigurationPlatforms) = postSolution
		{995A46DA-C928-402A-8BBB-9DFAE8BB9326}.CD_ROM|Any CPU.ActiveCfg = Release|Any CPU
		{995A46DA-C928-402A-8BBB-9DFAE8BB9326}.CD_ROM|Any CPU.Build.0 = Release|Any CPU
		{995A46DA-C928-402A-8BBB-9DFAE8BB9326}.Debug|Any CPU.ActiveCfg = Debug|Any CPU
		{995A46DA-C928-402A-8BBB-9DFAE8BB9326}.Debug|Any CPU.Build.0 = Debug|Any CPU
		{995A46DA-C928-402A-8BBB-9DFAE8BB9326}.DVD-5|Any CPU.ActiveCfg = Debug|Any CPU
		{995A46DA-C928-402A-8BBB-9DFAE8BB9326}.DVD-5|Any CPU.Build.0 = Debug|Any CPU
		{995A46DA-C928-402A-8BBB-9DFAE8BB9326}.Release|Any CPU.ActiveCfg = Release|Any CPU
		{995A46DA-C928-402A-8BBB-9DFAE8BB9326}.Release|Any CPU.Build.0 = Release|Any CPU
		{995A46DA-C928-402A-8BBB-9DFAE8BB9326}.SingleImage|Any CPU.ActiveCfg = Release|Any CPU
		{995A46DA-C928-402A-8BBB-9DFAE8BB9326}.SingleImage|Any CPU.Build.0 = Release|Any CPU
		{827C0582-51E3-4C72-93FD-91A07C38D665}.CD_ROM|Any CPU.ActiveCfg = CD_ROM
		{827C0582-51E3-4C72-93FD-91A07C38D665}.CD_ROM|Any CPU.Build.0 = CD_ROM
		{827C0582-51E3-4C72-93FD-91A07C38D665}.Debug|Any CPU.ActiveCfg = DVD-5
		{827C0582-51E3-4C72-93FD-91A07C38D665}.Debug|Any CPU.Build.0 = DVD-5
		{827C0582-51E3-4C72-93FD-91A07C38D665}.DVD-5|Any CPU.ActiveCfg = DVD-5
		{827C0582-51E3-4C72-93FD-91A07C38D665}.DVD-5|Any CPU.Build.0 = DVD-5
		{827C0582-51E3-4C72-93FD-91A07C38D665}.Release|Any CPU.ActiveCfg = SingleImage
		{827C0582-51E3-4C72-93FD-91A07C38D665}.Release|Any CPU.Build.0 = SingleImage
		{827C0582-51E3-4C72-93FD-91A07C38D665}.SingleImage|Any CPU.ActiveCfg = SingleImage
		{827C0582-51E3-4C72-93FD-91A07C38D665}.SingleImage|Any CPU.Build.0 = SingleImage
	EndGlobalSection
	GlobalSection(SolutionProperties) = preSolution
		HideSolutionNode = FALSE
	EndGlobalSection
EndGlobal
